
Microsoft Visual Studio Solution File, Format Version 12.00
# Visual Studio 15
VisualStudioVersion = 15.0.28010.2026
MinimumVisualStudioVersion = 10.0.40219.1
Project("{FAE04EC0-301F-11D3-BF4B-00C04F79EFBC}") = "CH341Sharp", "CH341Sharp\CH341Sharp.csproj", "{0D90BFF8-D93C-43AD-BDB1-36EFA628BEC1}"
EndProject
Global
	GlobalSection(SolutionConfigurationPlatforms) = preSolution
		Debug|Any CPU = Debug|Any CPU
		Release|Any CPU = Release|Any CPU
	EndGlobalSection
	GlobalSection(ProjectConfigurationPlatforms) = postSolution
		{0D90BFF8-D93C-43AD-BDB1-36EFA628BEC1}.Debug|Any CPU.ActiveCfg = Debug|Any CPU
		{0D90BFF8-D93C-43AD-BDB1-36EFA628BEC1}.Debug|Any CPU.Build.0 = Debug|Any CPU
		{0D90BFF8-D93C-43AD-BDB1-36EFA628BEC1}.Release|Any CPU.ActiveCfg = Release|Any CPU
		{0D90BFF8-D93C-43AD-BDB1-36EFA628BEC1}.Release|Any CPU.Build.0 = Release|Any CPU
	EndGlobalSection
	GlobalSection(SolutionProperties) = preSolution
		HideSolutionNode = FALSE
	EndGlobalSection
	GlobalSection(ExtensibilityGlobals) = postSolution
		SolutionGuid = {ADC89981-794D-44FC-8574-908AC01B0209}
	EndGlobalSection
EndGlobal
